
Microsoft Visual Studio Solution File, Format Version 12.00
# Visual Studio Version 16
VisualStudioVersion = 16.0.30114.105
MinimumVisualStudioVersion = 10.0.40219.1
Project("{FAE04EC0-301F-11D3-BF4B-00C04F79EFBC}") = "backend-test", "backend-test\backend-test.csproj", "{616908BF-B0A3-48C2-A9DF-8EE83CD5B05B}"
EndProject
Global
	GlobalSection(SolutionConfigurationPlatforms) = preSolution
		Debug|Any CPU = Debug|Any CPU
		Release|Any CPU = Release|Any CPU
	EndGlobalSection
	GlobalSection(SolutionProperties) = preSolution
		HideSolutionNode = FALSE
	EndGlobalSection
	GlobalSection(ProjectConfigurationPlatforms) = postSolution
		{616908BF-B0A3-48C2-A9DF-8EE83CD5B05B}.Debug|Any CPU.ActiveCfg = Debug|Any CPU
		{616908BF-B0A3-48C2-A9DF-8EE83CD5B05B}.Debug|Any CPU.Build.0 = Debug|Any CPU
		{616908BF-B0A3-48C2-A9DF-8EE83CD5B05B}.Release|Any CPU.ActiveCfg = Release|Any CPU
		{616908BF-B0A3-48C2-A9DF-8EE83CD5B05B}.Release|Any CPU.Build.0 = Release|Any CPU
	EndGlobalSection
EndGlobal
